
Microsoft Visual Studio Solution File, Format Version 11.00
# Visual Studio 2010
Project("{FAE04EC0-301F-11D3-BF4B-00C04F79EFBC}") = "Assembly-CSharp", "Assembly-CSharp.csproj", "{7EFF8C6E-41F6-40A3-445C-0D8336A13E30}"
EndProject
Project("{FAE04EC0-301F-11D3-BF4B-00C04F79EFBC}") = "Assembly-CSharp-Editor", "Assembly-CSharp-Editor.csproj", "{70BC93E0-E65E-B564-A9A7-534E11BD5473}"
EndProject
Global
	GlobalSection(SolutionConfigurationPlatforms) = preSolution
		Debug|Any CPU = Debug|Any CPU
		Release|Any CPU = Release|Any CPU
	EndGlobalSection
	GlobalSection(ProjectConfigurationPlatforms) = postSolution
		{7EFF8C6E-41F6-40A3-445C-0D8336A13E30}.Debug|Any CPU.ActiveCfg = Debug|Any CPU
		{7EFF8C6E-41F6-40A3-445C-0D8336A13E30}.Debug|Any CPU.Build.0 = Debug|Any CPU
		{7EFF8C6E-41F6-40A3-445C-0D8336A13E30}.Release|Any CPU.ActiveCfg = Release|Any CPU
		{7EFF8C6E-41F6-40A3-445C-0D8336A13E30}.Release|Any CPU.Build.0 = Release|Any CPU
		{70BC93E0-E65E-B564-A9A7-534E11BD5473}.Debug|Any CPU.ActiveCfg = Debug|Any CPU
		{70BC93E0-E65E-B564-A9A7-534E11BD5473}.Debug|Any CPU.Build.0 = Debug|Any CPU
		{70BC93E0-E65E-B564-A9A7-534E11BD5473}.Release|Any CPU.ActiveCfg = Release|Any CPU
		{70BC93E0-E65E-B564-A9A7-534E11BD5473}.Release|Any CPU.Build.0 = Release|Any CPU
	EndGlobalSection
	GlobalSection(SolutionProperties) = preSolution
		HideSolutionNode = FALSE
	EndGlobalSection
EndGlobal
